
Microsoft Visual Studio Solution File, Format Version 12.00
# Visual Studio 2012
Project("{FAE04EC0-301F-11D3-BF4B-00C04F79EFBC}") = "tgcripper", "tgcripper\tgcripper.csproj", "{A99555AC-6BFC-4C41-B0E8-A07CDAAEF63D}"
EndProject
Global
	GlobalSection(SolutionConfigurationPlatforms) = preSolution
		Debug|Any CPU = Debug|Any CPU
		Release|Any CPU = Release|Any CPU
	EndGlobalSection
	GlobalSection(ProjectConfigurationPlatforms) = postSolution
		{A99555AC-6BFC-4C41-B0E8-A07CDAAEF63D}.Debug|Any CPU.ActiveCfg = Debug|Any CPU
		{A99555AC-6BFC-4C41-B0E8-A07CDAAEF63D}.Debug|Any CPU.Build.0 = Debug|Any CPU
		{A99555AC-6BFC-4C41-B0E8-A07CDAAEF63D}.Release|Any CPU.ActiveCfg = Release|Any CPU
		{A99555AC-6BFC-4C41-B0E8-A07CDAAEF63D}.Release|Any CPU.Build.0 = Release|Any CPU
	EndGlobalSection
EndGlobal
